
Microsoft Visual Studio Solution File, Format Version 12.00
# Visual Studio 14
VisualStudioVersion = 14.0.25420.1
MinimumVisualStudioVersion = 10.0.40219.1
Project("{D2ABAB84-BF74-430A-B69E-9DC6D40DDA17}") = "HurtowniaDanychT1", "HurtowniaDanychT1\HurtowniaDanychT1.dwproj", "{C926201B-1634-4222-826A-F054A3BD3969}"
EndProject
Global
	GlobalSection(SolutionConfigurationPlatforms) = preSolution
		Development|Default = Development|Default
	EndGlobalSection
	GlobalSection(ProjectConfigurationPlatforms) = postSolution
		{C926201B-1634-4222-826A-F054A3BD3969}.Development|Default.ActiveCfg = Development
		{C926201B-1634-4222-826A-F054A3BD3969}.Development|Default.Build.0 = Development
		{C926201B-1634-4222-826A-F054A3BD3969}.Development|Default.Deploy.0 = Development
	EndGlobalSection
	GlobalSection(SolutionProperties) = preSolution
		HideSolutionNode = FALSE
	EndGlobalSection
EndGlobal
